{
  "requires": true,
  "lockfileVersion": 1,
  "dependencies": {
    "typeface-manrope": {
      "version": "1.0.0",
      "resolved": "https://registry.npmjs.org/typeface-manrope/-/typeface-manrope-1.0.0.tgz",
      "integrity": "sha512-6SUkk4TbruWxhIB/SSpdGuJnZXLQ+thfELkYnqfu2r/u4offq3Ym6qTuyZbVuPvG0xrwJse8hhZff86JqcKR+Q=="
    }
  }
}
